{
  "name": "core-dashboard-worona",
  "version": "1.4.4",
  "lockfileVersion": 1,
  "requires": true,
  "dependencies": {
    "deep-diff": {
      "version": "0.3.4",
      "resolved": "https://registry.npmjs.org/deep-diff/-/deep-diff-0.3.4.tgz",
      "integrity": "sha1-qsXDmVIjar5fA3ojSQYLoBsArkg="
    },
    "lodash": {
      "version": "4.17.4",
      "resolved": "https://registry.npmjs.org/lodash/-/lodash-4.17.4.tgz",
      "integrity": "sha1-eCA6TRwyiuHYbcpkYONptX9AVa4="
    },
    "redux-devtools-extension": {
      "version": "1.0.0",
      "resolved": "https://registry.npmjs.org/redux-devtools-extension/-/redux-devtools-extension-1.0.0.tgz",
      "integrity": "sha1-+L96Kgk7ZIBUo4FNbRIK2LyL6qk="
    },
    "redux-logger": {
      "version": "2.10.2",
      "resolved": "https://registry.npmjs.org/redux-logger/-/redux-logger-2.10.2.tgz",
      "integrity": "sha1-PFpfCm8yV3wd6t9mVfJX+CxsOTc=",
      "requires": {
        "deep-diff": "0.3.4"
      }
    },
    "systemjs": {
      "version": "0.19.47",
      "resolved": "https://registry.npmjs.org/systemjs/-/systemjs-0.19.47.tgz",
      "integrity": "sha1-yMk5NxgPP1SBx2nNJyB2P7SjHG8=",
      "requires": {
        "when": "3.7.8"
      }
    },
    "when": {
      "version": "3.7.8",
      "resolved": "https://registry.npmjs.org/when/-/when-3.7.8.tgz",
      "integrity": "sha1-xxMLan6gRpPoQs3J56Hyqjmjn4I="
    }
  }
}
